// !$*UTF8*$!
{
	archiveVersion = 1;
	classes = {
	};
	objectVersion = 50;
	objects = {

/* Begin PBXBuildFile section */
		188DA3F4259F208100ABA66B /* newFile.swift in Sources */ = {isa = PBXBuildFile; fileRef = 188DA3F3259F208100ABA66B /* newFile.swift */; };
		18B8255E259DFCCB00056EE1 /* AppDelegate.swift in Sources */ = {isa = PBXBuildFile; fileRef = 18B8255D259DFCCB00056EE1 /* AppDelegate.swift */; };
		18B82560259DFCCB00056EE1 /* SceneDelegate.swift in Sources */ = {isa = PBXBuildFile; fileRef = 18B8255F259DFCCB00056EE1 /* SceneDelegate.swift */; };
		18B82562259DFCCB00056EE1 /* ViewController.swift in Sources */ = {isa = PBXBuildFile; fileRef = 18B82561259DFCCB00056EE1 /* ViewController.swift */; };
		18B82565259DFCCB00056EE1 /* Main.storyboard in Resources */ = {isa = PBXBuildFile; fileRef = 18B82563259DFCCB00056EE1 /* Main.storyboard */; };
		18B82567259DFCCD00056EE1 /* Assets.xcassets in Resources */ = {isa = PBXBuildFile; fileRef = 18B82566259DFCCD00056EE1 /* Assets.xcassets */; };
		18B8256A259DFCCD00056EE1 /* LaunchScreen.storyboard in Resources */ = {isa = PBXBuildFile; fileRef = 18B82568259DFCCD00056EE1 /* LaunchScreen.storyboard */; };
		18B82575259DFCCD00056EE1 /* NewPracticeFileTests.swift in Sources */ = {isa = PBXBuildFile; fileRef = 18B82574259DFCCD00056EE1 /* NewPracticeFileTests.swift */; };
		18B82580259DFCCD00056EE1 /* NewPracticeFileUITests.swift in Sources */ = {isa = PBXBuildFile; fileRef = 18B8257F259DFCCD00056EE1 /* NewPracticeFileUITests.swift */; };
/* End PBXBuildFile section */

/* Begin PBXContainerItemProxy section */
		18B82571259DFCCD00056EE1 /* PBXContainerItemProxy */ = {
			isa = PBXContainerItemProxy;
			containerPortal = 18B82552259DFCCB00056EE1 /* Project object */;
			proxyType = 1;
			remoteGlobalIDString = 18B82559259DFCCB00056EE1;
			remoteInfo = NewPracticeFile;
		};
		18B8257C259DFCCD00056EE1 /* PBXContainerItemProxy */ = {
			isa = PBXContainerItemProxy;
			containerPortal = 18B82552259DFCCB00056EE1 /* Project object */;
			proxyType = 1;
			remoteGlobalIDString = 18B82559259DFCCB00056EE1;
			remoteInfo = NewPracticeFile;
		};
/* End PBXContainerItemProxy section */

/* Begin PBXFileReference section */
		188DA3F3259F208100ABA66B /* newFile.swift */ = {isa = PBXFileReference; lastKnownFileType = sourcecode.swift; path = newFile.swift; sourceTree = "<group>"; };
		18B8255A259DFCCB00056EE1 /* NewPracticeFile.app */ = {isa = PBXFileReference; explicitFileType = wrapper.application; includeInIndex = 0; path = NewPracticeFile.app; sourceTree = BUILT_PRODUCTS_DIR; };
		18B8255D259DFCCB00056EE1 /* AppDelegate.swift */ = {isa = PBXFileReference; lastKnownFileType = sourcecode.swift; path = AppDelegate.swift; sourceTree = "<group>"; };
		18B8255F259DFCCB00056EE1 /* SceneDelegate.swift */ = {isa = PBXFileReference; lastKnownFileType = sourcecode.swift; path = SceneDelegate.swift; sourceTree = "<group>"; };
		18B82561259DFCCB00056EE1 /* ViewController.swift */ = {isa = PBXFileReference; lastKnownFileType = sourcecode.swift; path = ViewController.swift; sourceTree = "<group>"; };
		18B82564259DFCCB00056EE1 /* Base */ = {isa = PBXFileReference; lastKnownFileType = file.storyboard; name = Base; path = Base.lproj/Main.storyboard; sourceTree = "<group>"; };
		18B82566259DFCCD00056EE1 /* Assets.xcassets */ = {isa = PBXFileReference; lastKnownFileType = folder.assetcatalog; path = Assets.xcassets; sourceTree = "<group>"; };
		18B82569259DFCCD00056EE1 /* Base */ = {isa = PBXFileReference; lastKnownFileType = file.storyboard; name = Base; path = Base.lproj/LaunchScreen.storyboard; sourceTree = "<group>"; };
		18B8256B259DFCCD00056EE1 /* Info.plist */ = {isa = PBXFileReference; lastKnownFileType = text.plist.xml; path = Info.plist; sourceTree = "<group>"; };
		18B82570259DFCCD00056EE1 /* NewPracticeFileTests.xctest */ = {isa = PBXFileReference; explicitFileType = wrapper.cfbundle; includeInIndex = 0; path = NewPracticeFileTests.xctest; sourceTree = BUILT_PRODUCTS_DIR; };
		18B82574259DFCCD00056EE1 /* NewPracticeFileTests.swift */ = {isa = PBXFileReference; lastKnownFileType = sourcecode.swift; path = NewPracticeFileTests.swift; sourceTree = "<group>"; };
		18B82576259DFCCD00056EE1 /* Info.plist */ = {isa = PBXFileReference; lastKnownFileType = text.plist.xml; path = Info.plist; sourceTree = "<group>"; };
		18B8257B259DFCCD00056EE1 /* NewPracticeFileUITests.xctest */ = {isa = PBXFileReference; explicitFileType = wrapper.cfbundle; includeInIndex = 0; path = NewPracticeFileUITests.xctest; sourceTree = BUILT_PRODUCTS_DIR; };
		18B8257F259DFCCD00056EE1 /* NewPracticeFileUITests.swift */ = {isa = PBXFileReference; lastKnownFileType = sourcecode.swift; path = NewPracticeFileUITests.swift; sourceTree = "<group>"; };
		18B82581259DFCCD00056EE1 /* Info.plist */ = {isa = PBXFileReference; lastKnownFileType = text.plist.xml; path = Info.plist; sourceTree = "<group>"; };
/* End PBXFileReference section */

/* Begin PBXFrameworksBuildPhase section */
		18B82557259DFCCB00056EE1 /* Frameworks */ = {
			isa = PBXFrameworksBuildPhase;
			buildActionMask = 2147483647;
			files = (
			);
			runOnlyForDeploymentPostprocessing = 0;
		};
		18B8256D259DFCCD00056EE1 /* Frameworks */ = {
			isa = PBXFrameworksBuildPhase;
			buildActionMask = 2147483647;
			files = (
			);
			runOnlyForDeploymentPostprocessing = 0;
		};
		18B82578259DFCCD00056EE1 /* Frameworks */ = {
			isa = PBXFrameworksBuildPhase;
			buildActionMask = 2147483647;
			files = (
			);
			runOnlyForDeploymentPostprocessing = 0;
		};
/* End PBXFrameworksBuildPhase section */

/* Begin PBXGroup section */
		18B82551259DFCCB00056EE1 = {
			isa = PBXGroup;
			children = (
				18B8255C259DFCCB00056EE1 /* NewPracticeFile */,
				18B82573259DFCCD00056EE1 /* NewPracticeFileTests */,
				18B8257E259DFCCD00056EE1 /* NewPracticeFileUITests */,
				18B8255B259DFCCB00056EE1 /* Products */,
			);
			sourceTree = "<group>";
		};
		18B8255B259DFCCB00056EE1 /* Products */ = {
			isa = PBXGroup;
			children = (
				18B8255A259DFCCB00056EE1 /* NewPracticeFile.app */,
				18B82570259DFCCD00056EE1 /* NewPracticeFileTests.xctest */,
				18B8257B259DFCCD00056EE1 /* NewPracticeFileUITests.xctest */,
			);
			name = Products;
			sourceTree = "<group>";
		};
		18B8255C259DFCCB00056EE1 /* NewPracticeFile */ = {
			isa = PBXGroup;
			children = (
				18B8255D259DFCCB00056EE1 /* AppDelegate.swift */,
				18B8255F259DFCCB00056EE1 /* SceneDelegate.swift */,
				18B82561259DFCCB00056EE1 /* ViewController.swift */,
				188DA3F3259F208100ABA66B /* newFile.swift */,
				18B82563259DFCCB00056EE1 /* Main.storyboard */,
				18B82566259DFCCD00056EE1 /* Assets.xcassets */,
				18B82568259DFCCD00056EE1 /* LaunchScreen.storyboard */,
				18B8256B259DFCCD00056EE1 /* Info.plist */,
			);
			path = NewPracticeFile;
			sourceTree = "<group>";
		};
		18B82573259DFCCD00056EE1 /* NewPracticeFileTests */ = {
			isa = PBXGroup;
			children = (
				18B82574259DFCCD00056EE1 /* NewPracticeFileTests.swift */,
				18B82576259DFCCD00056EE1 /* Info.plist */,
			);
			path = NewPracticeFileTests;
			sourceTree = "<group>";
		};
		18B8257E259DFCCD00056EE1 /* NewPracticeFileUITests */ = {
			isa = PBXGroup;
			children = (
				18B8257F259DFCCD00056EE1 /* NewPracticeFileUITests.swift */,
				18B82581259DFCCD00056EE1 /* Info.plist */,
			);
			path = NewPracticeFileUITests;
			sourceTree = "<group>";
		};
/* End PBXGroup section */

/* Begin PBXNativeTarget section */
		18B82559259DFCCB00056EE1 /* NewPracticeFile */ = {
			isa = PBXNativeTarget;
			buildConfigurationList = 18B82584259DFCCD00056EE1 /* Build configuration list for PBXNativeTarget "NewPracticeFile" */;
			buildPhases = (
				18B82556259DFCCB00056EE1 /* Sources */,
				18B82557259DFCCB00056EE1 /* Frameworks */,
				18B82558259DFCCB00056EE1 /* Resources */,
			);
			buildRules = (
			);
			dependencies = (
			);
			name = NewPracticeFile;
			productName = NewPracticeFile;
			productReference = 18B8255A259DFCCB00056EE1 /* NewPracticeFile.app */;
			productType = "com.apple.product-type.application";
		};
		18B8256F259DFCCD00056EE1 /* NewPracticeFileTests */ = {
			isa = PBXNativeTarget;
			buildConfigurationList = 18B82587259DFCCD00056EE1 /* Build configuration list for PBXNativeTarget "NewPracticeFileTests" */;
			buildPhases = (
				18B8256C259DFCCD00056EE1 /* Sources */,
				18B8256D259DFCCD00056EE1 /* Frameworks */,
				18B8256E259DFCCD00056EE1 /* Resources */,
			);
			buildRules = (
			);
			dependencies = (
				18B82572259DFCCD00056EE1 /* PBXTargetDependency */,
			);
			name = NewPracticeFileTests;
			productName = NewPracticeFileTests;
			productReference = 18B82570259DFCCD00056EE1 /* NewPracticeFileTests.xctest */;
			productType = "com.apple.product-type.bundle.unit-test";
		};
		18B8257A259DFCCD00056EE1 /* NewPracticeFileUITests */ = {
			isa = PBXNativeTarget;
			buildConfigurationList = 18B8258A259DFCCD00056EE1 /* Build configuration list for PBXNativeTarget "NewPracticeFileUITests" */;
			buildPhases = (
				18B82577259DFCCD00056EE1 /* Sources */,
				18B82578259DFCCD00056EE1 /* Frameworks */,
				18B82579259DFCCD00056EE1 /* Resources */,
			);
			buildRules = (
			);
			dependencies = (
				18B8257D259DFCCD00056EE1 /* PBXTargetDependency */,
			);
			name = NewPracticeFileUITests;
			productName = NewPracticeFileUITests;
			productReference = 18B8257B259DFCCD00056EE1 /* NewPracticeFileUITests.xctest */;
			productType = "com.apple.product-type.bundle.ui-testing";
		};
/* End PBXNativeTarget section */

/* Begin PBXProject section */
		18B82552259DFCCB00056EE1 /* Project object */ = {
			isa = PBXProject;
			attributes = {
				LastSwiftUpdateCheck = 1220;
				LastUpgradeCheck = 1220;
				TargetAttributes = {
					18B82559259DFCCB00056EE1 = {
						CreatedOnToolsVersion = 12.2;
					};
					18B8256F259DFCCD00056EE1 = {
						CreatedOnToolsVersion = 12.2;
						TestTargetID = 18B82559259DFCCB00056EE1;
					};
					18B8257A259DFCCD00056EE1 = {
						CreatedOnToolsVersion = 12.2;
						TestTargetID = 18B82559259DFCCB00056EE1;
					};
				};
			};
			buildConfigurationList = 18B82555259DFCCB00056EE1 /* Build configuration list for PBXProject "NewPracticeFile" */;
			compatibilityVersion = "Xcode 9.3";
			developmentRegion = en;
			hasScannedForEncodings = 0;
			knownRegions = (
				en,
				Base,
			);
			mainGroup = 18B82551259DFCCB00056EE1;
			productRefGroup = 18B8255B259DFCCB00056EE1 /* Products */;
			projectDirPath = "";
			projectRoot = "";
			targets = (
				18B82559259DFCCB00056EE1 /* NewPracticeFile */,
				18B8256F259DFCCD00056EE1 /* NewPracticeFileTests */,
				18B8257A259DFCCD00056EE1 /* NewPracticeFileUITests */,
			);
		};
/* End PBXProject section */

/* Begin PBXResourcesBuildPhase section */
		18B82558259DFCCB00056EE1 /* Resources */ = {
			isa = PBXResourcesBuildPhase;
			buildActionMask = 2147483647;
			files = (
				18B8256A259DFCCD00056EE1 /* LaunchScreen.storyboard in Resources */,
				18B82567259DFCCD00056EE1 /* Assets.xcassets in Resources */,
				18B82565259DFCCB00056EE1 /* Main.storyboard in Resources */,
			);
			runOnlyForDeploymentPostprocessing = 0;
		};
		18B8256E259DFCCD00056EE1 /* Resources */ = {
			isa = PBXResourcesBuildPhase;
			buildActionMask = 2147483647;
			files = (
			);
			runOnlyForDeploymentPostprocessing = 0;
		};
		18B82579259DFCCD00056EE1 /* Resources */ = {
			isa = PBXResourcesBuildPhase;
			buildActionMask = 2147483647;
			files = (
			);
			runOnlyForDeploymentPostprocessing = 0;
		};
/* End PBXResourcesBuildPhase section */

/* Begin PBXSourcesBuildPhase section */
		18B82556259DFCCB00056EE1 /* Sources */ = {
			isa = PBXSourcesBuildPhase;
			buildActionMask = 2147483647;
			files = (
				18B82562259DFCCB00056EE1 /* ViewController.swift in Sources */,
				18B8255E259DFCCB00056EE1 /* AppDelegate.swift in Sources */,
				188DA3F4259F208100ABA66B /* newFile.swift in Sources */,
				18B82560259DFCCB00056EE1 /* SceneDelegate.swift in Sources */,
			);
			runOnlyForDeploymentPostprocessing = 0;
		};
		18B8256C259DFCCD00056EE1 /* Sources */ = {
			isa = PBXSourcesBuildPhase;
			buildActionMask = 2147483647;
			files = (
				18B82575259DFCCD00056EE1 /* NewPracticeFileTests.swift in Sources */,
			);
			runOnlyForDeploymentPostprocessing = 0;
		};
		18B82577259DFCCD00056EE1 /* Sources */ = {
			isa = PBXSourcesBuildPhase;
			buildActionMask = 2147483647;
			files = (
				18B82580259DFCCD00056EE1 /* NewPracticeFileUITests.swift in Sources */,
			);
			runOnlyForDeploymentPostprocessing = 0;
		};
/* End PBXSourcesBuildPhase section */

/* Begin PBXTargetDependency section */
		18B82572259DFCCD00056EE1 /* PBXTargetDependency */ = {
			isa = PBXTargetDependency;
			target = 18B82559259DFCCB00056EE1 /* NewPracticeFile */;
			targetProxy = 18B82571259DFCCD00056EE1 /* PBXContainerItemProxy */;
		};
		18B8257D259DFCCD00056EE1 /* PBXTargetDependency */ = {
			isa = PBXTargetDependency;
			target = 18B82559259DFCCB00056EE1 /* NewPracticeFile */;
			targetProxy = 18B8257C259DFCCD00056EE1 /* PBXContainerItemProxy */;
		};
/* End PBXTargetDependency section */

/* Begin PBXVariantGroup section */
		18B82563259DFCCB00056EE1 /* Main.storyboard */ = {
			isa = PBXVariantGroup;
			children = (
				18B82564259DFCCB00056EE1 /* Base */,
			);
			name = Main.storyboard;
			sourceTree = "<group>";
		};
		18B82568259DFCCD00056EE1 /* LaunchScreen.storyboard */ = {
			isa = PBXVariantGroup;
			children = (
				18B82569259DFCCD00056EE1 /* Base */,
			);
			name = LaunchScreen.storyboard;
			sourceTree = "<group>";
		};
/* End PBXVariantGroup section */

/* Begin XCBuildConfiguration section */
		18B82582259DFCCD00056EE1 /* Debug */ = {
			isa = XCBuildConfiguration;
			buildSettings = {
				ALWAYS_SEARCH_USER_PATHS = NO;
				CLANG_ANALYZER_NONNULL = YES;
				CLANG_ANALYZER_NUMBER_OBJECT_CONVERSION = YES_AGGRESSIVE;
				CLANG_CXX_LANGUAGE_STANDARD = "gnu++14";
				CLANG_CXX_LIBRARY = "libc++";
				CLANG_ENABLE_MODULES = YES;
				CLANG_ENABLE_OBJC_ARC = YES;
				CLANG_ENABLE_OBJC_WEAK = YES;
				CLANG_WARN_BLOCK_CAPTURE_AUTORELEASING = YES;
				CLANG_WARN_BOOL_CONVERSION = YES;
				CLANG_WARN_COMMA = YES;
				CLANG_WARN_CONSTANT_CONVERSION = YES;
				CLANG_WARN_DEPRECATED_OBJC_IMPLEMENTATIONS = YES;
				CLANG_WARN_DIRECT_OBJC_ISA_USAGE = YES_ERROR;
				CLANG_WARN_DOCUMENTATION_COMMENTS = YES;
				CLANG_WARN_EMPTY_BODY = YES;
				CLANG_WARN_ENUM_CONVERSION = YES;
				CLANG_WARN_INFINITE_RECURSION = YES;
				CLANG_WARN_INT_CONVERSION = YES;
				CLANG_WARN_NON_LITERAL_NULL_CONVERSION = YES;
				CLANG_WARN_OBJC_IMPLICIT_RETAIN_SELF = YES;
				CLANG_WARN_OBJC_LITERAL_CONVERSION = YES;
				CLANG_WARN_OBJC_ROOT_CLASS = YES_ERROR;
				CLANG_WARN_QUOTED_INCLUDE_IN_FRAMEWORK_HEADER = YES;
				CLANG_WARN_RANGE_LOOP_ANALYSIS = YES;
				CLANG_WARN_STRICT_PROTOTYPES = YES;
				CLANG_WARN_SUSPICIOUS_MOVE = YES;
				CLANG_WARN_UNGUARDED_AVAILABILITY = YES_AGGRESSIVE;
				CLANG_WARN_UNREACHABLE_CODE = YES;
				CLANG_WARN__DUPLICATE_METHOD_MATCH = YES;
				COPY_PHASE_STRIP = NO;
				DEBUG_INFORMATION_FORMAT = dwarf;
				ENABLE_STRICT_OBJC_MSGSEND = YES;
				ENABLE_TESTABILITY = YES;
				GCC_C_LANGUAGE_STANDARD = gnu11;
				GCC_DYNAMIC_NO_PIC = NO;
				GCC_NO_COMMON_BLOCKS = YES;
				GCC_OPTIMIZATION_LEVEL = 0;
				GCC_PREPROCESSOR_DEFINITIONS = (
					"DEBUG=1",
					"$(inherited)",
				);
				GCC_WARN_64_TO_32_BIT_CONVERSION = YES;
				GCC_WARN_ABOUT_RETURN_TYPE = YES_ERROR;
				GCC_WARN_UNDECLARED_SELECTOR = YES;
				GCC_WARN_UNINITIALIZED_AUTOS = YES_AGGRESSIVE;
				GCC_WARN_UNUSED_FUNCTION = YES;
				GCC_WARN_UNUSED_VARIABLE = YES;
				IPHONEOS_DEPLOYMENT_TARGET = 14.2;
				MTL_ENABLE_DEBUG_INFO = INCLUDE_SOURCE;
				MTL_FAST_MATH = YES;
				ONLY_ACTIVE_ARCH = YES;
				SDKROOT = iphoneos;
				SWIFT_ACTIVE_COMPILATION_CONDITIONS = DEBUG;
				SWIFT_OPTIMIZATION_LEVEL = "-Onone";
			};
			name = Debug;
		};
		18B82583259DFCCD00056EE1 /* Release */ = {
			isa = XCBuildConfiguration;
			buildSettings = {
				ALWAYS_SEARCH_USER_PATHS = NO;
				CLANG_ANALYZER_NONNULL = YES;
				CLANG_ANALYZER_NUMBER_OBJECT_CONVERSION = YES_AGGRESSIVE;
				CLANG_CXX_LANGUAGE_STANDARD = "gnu++14";
				CLANG_CXX_LIBRARY = "libc++";
				CLANG_ENABLE_MODULES = YES;
				CLANG_ENABLE_OBJC_ARC = YES;
				CLANG_ENABLE_OBJC_WEAK = YES;
				CLANG_WARN_BLOCK_CAPTURE_AUTORELEASING = YES;
				CLANG_WARN_BOOL_CONVERSION = YES;
				CLANG_WARN_COMMA = YES;
				CLANG_WARN_CONSTANT_CONVERSION = YES;
				CLANG_WARN_DEPRECATED_OBJC_IMPLEMENTATIONS = YES;
				CLANG_WARN_DIRECT_OBJC_ISA_USAGE = YES_ERROR;
				CLANG_WARN_DOCUMENTATION_COMMENTS = YES;
				CLANG_WARN_EMPTY_BODY = YES;
				CLANG_WARN_ENUM_CONVERSION = YES;
				CLANG_WARN_INFINITE_RECURSION = YES;
				CLANG_WARN_INT_CONVERSION = YES;
				CLANG_WARN_NON_LITERAL_NULL_CONVERSION = YES;
				CLANG_WARN_OBJC_IMPLICIT_RETAIN_SELF = YES;
				CLANG_WARN_OBJC_LITERAL_CONVERSION = YES;
				CLANG_WARN_OBJC_ROOT_CLASS = YES_ERROR;
				CLANG_WARN_QUOTED_INCLUDE_IN_FRAMEWORK_HEADER = YES;
				CLANG_WARN_RANGE_LOOP_ANALYSIS = YES;
				CLANG_WARN_STRICT_PROTOTYPES = YES;
				CLANG_WARN_SUSPICIOUS_MOVE = YES;
				CLANG_WARN_UNGUARDED_AVAILABILITY = YES_AGGRESSIVE;
				CLANG_WARN_UNREACHABLE_CODE = YES;
				CLANG_WARN__DUPLICATE_METHOD_MATCH = YES;
				COPY_PHASE_STRIP = NO;
				DEBUG_INFORMATION_FORMAT = "dwarf-with-dsym";
				ENABLE_NS_ASSERTIONS = NO;
				ENABLE_STRICT_OBJC_MSGSEND = YES;
				GCC_C_LANGUAGE_STANDARD = gnu11;
				GCC_NO_COMMON_BLOCKS = YES;
				GCC_WARN_64_TO_32_BIT_CONVERSION = YES;
				GCC_WARN_ABOUT_RETURN_TYPE = YES_ERROR;
				GCC_WARN_UNDECLARED_SELECTOR = YES;
				GCC_WARN_UNINITIALIZED_AUTOS = YES_AGGRESSIVE;
				GCC_WARN_UNUSED_FUNCTION = YES;
				GCC_WARN_UNUSED_VARIABLE = YES;
				IPHONEOS_DEPLOYMENT_TARGET = 14.2;
				MTL_ENABLE_DEBUG_INFO = NO;
				MTL_FAST_MATH = YES;
				SDKROOT = iphoneos;
				SWIFT_COMPILATION_MODE = wholemodule;
				SWIFT_OPTIMIZATION_LEVEL = "-O";
				VALIDATE_PRODUCT = YES;
			};
			name = Release;
		};
		18B82585259DFCCD00056EE1 /* Debug */ = {
			isa = XCBuildConfiguration;
			buildSettings = {
				ASSETCATALOG_COMPILER_APPICON_NAME = AppIcon;
				ASSETCATALOG_COMPILER_GLOBAL_ACCENT_COLOR_NAME = AccentColor;
				CODE_SIGN_STYLE = Automatic;
				DEVELOPMENT_TEAM = RBV89AW5GB;
				INFOPLIST_FILE = NewPracticeFile/Info.plist;
				LD_RUNPATH_SEARCH_PATHS = (
					"$(inherited)",
					"@executable_path/Frameworks",
				);
				PRODUCT_BUNDLE_IDENTIFIER = com.practicerepo.NewPracticeFile;
				PRODUCT_NAME = "$(TARGET_NAME)";
				SWIFT_VERSION = 5.0;
				TARGETED_DEVICE_FAMILY = "1,2";
			};
			name = Debug;
		};
		18B82586259DFCCD00056EE1 /* Release */ = {
			isa = XCBuildConfiguration;
			buildSettings = {
				ASSETCATALOG_COMPILER_APPICON_NAME = AppIcon;
				ASSETCATALOG_COMPILER_GLOBAL_ACCENT_COLOR_NAME = AccentColor;
				CODE_SIGN_STYLE = Automatic;
				DEVELOPMENT_TEAM = RBV89AW5GB;
				INFOPLIST_FILE = NewPracticeFile/Info.plist;
				LD_RUNPATH_SEARCH_PATHS = (
					"$(inherited)",
					"@executable_path/Frameworks",
				);
				PRODUCT_BUNDLE_IDENTIFIER = com.practicerepo.NewPracticeFile;
				PRODUCT_NAME = "$(TARGET_NAME)";
				SWIFT_VERSION = 5.0;
				TARGETED_DEVICE_FAMILY = "1,2";
			};
			name = Release;
		};
		18B82588259DFCCD00056EE1 /* Debug */ = {
			isa = XCBuildConfiguration;
			buildSettings = {
				ALWAYS_EMBED_SWIFT_STANDARD_LIBRARIES = YES;
				BUNDLE_LOADER = "$(TEST_HOST)";
				CODE_SIGN_STYLE = Automatic;
				DEVELOPMENT_TEAM = RBV89AW5GB;
				INFOPLIST_FILE = NewPracticeFileTests/Info.plist;
				IPHONEOS_DEPLOYMENT_TARGET = 14.2;
				LD_RUNPATH_SEARCH_PATHS = (
					"$(inherited)",
					"@executable_path/Frameworks",
					"@loader_path/Frameworks",
				);
				PRODUCT_BUNDLE_IDENTIFIER = com.practicerepo.NewPracticeFileTests;
				PRODUCT_NAME = "$(TARGET_NAME)";
				SWIFT_VERSION = 5.0;
				TARGETED_DEVICE_FAMILY = "1,2";
				TEST_HOST = "$(BUILT_PRODUCTS_DIR)/NewPracticeFile.app/NewPracticeFile";
			};
			name = Debug;
		};
		18B82589259DFCCD00056EE1 /* Release */ = {
			isa = XCBuildConfiguration;
			buildSettings = {
				ALWAYS_EMBED_SWIFT_STANDARD_LIBRARIES = YES;
				BUNDLE_LOADER = "$(TEST_HOST)";
				CODE_SIGN_STYLE = Automatic;
				DEVELOPMENT_TEAM = RBV89AW5GB;
				INFOPLIST_FILE = NewPracticeFileTests/Info.plist;
				IPHONEOS_DEPLOYMENT_TARGET = 14.2;
				LD_RUNPATH_SEARCH_PATHS = (
					"$(inherited)",
					"@executable_path/Frameworks",
					"@loader_path/Frameworks",
				);
				PRODUCT_BUNDLE_IDENTIFIER = com.practicerepo.NewPracticeFileTests;
				PRODUCT_NAME = "$(TARGET_NAME)";
				SWIFT_VERSION = 5.0;
				TARGETED_DEVICE_FAMILY = "1,2";
				TEST_HOST = "$(BUILT_PRODUCTS_DIR)/NewPracticeFile.app/NewPracticeFile";
			};
			name = Release;
		};
		18B8258B259DFCCD00056EE1 /* Debug */ = {
			isa = XCBuildConfiguration;
			buildSettings = {
				ALWAYS_EMBED_SWIFT_STANDARD_LIBRARIES = YES;
				CODE_SIGN_STYLE = Automatic;
				DEVELOPMENT_TEAM = RBV89AW5GB;
				INFOPLIST_FILE = NewPracticeFileUITests/Info.plist;
				LD_RUNPATH_SEARCH_PATHS = (
					"$(inherited)",
					"@executable_path/Frameworks",
					"@loader_path/Frameworks",
				);
				PRODUCT_BUNDLE_IDENTIFIER = com.practicerepo.NewPracticeFileUITests;
				PRODUCT_NAME = "$(TARGET_NAME)";
				SWIFT_VERSION = 5.0;
				TARGETED_DEVICE_FAMILY = "1,2";
				TEST_TARGET_NAME = NewPracticeFile;
			};
			name = Debug;
		};
		18B8258C259DFCCD00056EE1 /* Release */ = {
			isa = XCBuildConfiguration;
			buildSettings = {
				ALWAYS_EMBED_SWIFT_STANDARD_LIBRARIES = YES;
				CODE_SIGN_STYLE = Automatic;
				DEVELOPMENT_TEAM = RBV89AW5GB;
				INFOPLIST_FILE = NewPracticeFileUITests/Info.plist;
				LD_RUNPATH_SEARCH_PATHS = (
					"$(inherited)",
					"@executable_path/Frameworks",
					"@loader_path/Frameworks",
				);
				PRODUCT_BUNDLE_IDENTIFIER = com.practicerepo.NewPracticeFileUITests;
				PRODUCT_NAME = "$(TARGET_NAME)";
				SWIFT_VERSION = 5.0;
				TARGETED_DEVICE_FAMILY = "1,2";
				TEST_TARGET_NAME = NewPracticeFile;
			};
			name = Release;
		};
/* End XCBuildConfiguration section */

/* Begin XCConfigurationList section */
		18B82555259DFCCB00056EE1 /* Build configuration list for PBXProject "NewPracticeFile" */ = {
			isa = XCConfigurationList;
			buildConfigurations = (
				18B82582259DFCCD00056EE1 /* Debug */,
				18B82583259DFCCD00056EE1 /* Release */,
			);
			defaultConfigurationIsVisible = 0;
			defaultConfigurationName = Release;
		};
		18B82584259DFCCD00056EE1 /* Build configuration list for PBXNativeTarget "NewPracticeFile" */ = {
			isa = XCConfigurationList;
			buildConfigurations = (
				18B82585259DFCCD00056EE1 /* Debug */,
				18B82586259DFCCD00056EE1 /* Release */,
			);
			defaultConfigurationIsVisible = 0;
			defaultConfigurationName = Release;
		};
		18B82587259DFCCD00056EE1 /* Build configuration list for PBXNativeTarget "NewPracticeFileTests" */ = {
			isa = XCConfigurationList;
			buildConfigurations = (
				18B82588259DFCCD00056EE1 /* Debug */,
				18B82589259DFCCD00056EE1 /* Release */,
			);
			defaultConfigurationIsVisible = 0;
			defaultConfigurationName = Release;
		};
		18B8258A259DFCCD00056EE1 /* Build configuration list for PBXNativeTarget "NewPracticeFileUITests" */ = {
			isa = XCConfigurationList;
			buildConfigurations = (
				18B8258B259DFCCD00056EE1 /* Debug */,
				18B8258C259DFCCD00056EE1 /* Release */,
			);
			defaultConfigurationIsVisible = 0;
			defaultConfigurationName = Release;
		};
/* End XCConfigurationList section */
	};
	rootObject = 18B82552259DFCCB00056EE1 /* Project object */;
}
